
Microsoft Visual Studio Solution File, Format Version 12.00
# Visual Studio Version 16
VisualStudioVersion = 16.0.31424.327
MinimumVisualStudioVersion = 10.0.40219.1
Project("{FAE04EC0-301F-11D3-BF4B-00C04F79EFBC}") = "Vucut_Kitle_İndeksi", "Vucut_Kitle_İndeksi\Vucut_Kitle_İndeksi.csproj", "{FB794AAF-F3B0-4D56-B5D5-E4E8CBE614D1}"
EndProject
Global
	GlobalSection(SolutionConfigurationPlatforms) = preSolution
		Debug|Any CPU = Debug|Any CPU
		Release|Any CPU = Release|Any CPU
	EndGlobalSection
	GlobalSection(ProjectConfigurationPlatforms) = postSolution
		{FB794AAF-F3B0-4D56-B5D5-E4E8CBE614D1}.Debug|Any CPU.ActiveCfg = Debug|Any CPU
		{FB794AAF-F3B0-4D56-B5D5-E4E8CBE614D1}.Debug|Any CPU.Build.0 = Debug|Any CPU
		{FB794AAF-F3B0-4D56-B5D5-E4E8CBE614D1}.Release|Any CPU.ActiveCfg = Release|Any CPU
		{FB794AAF-F3B0-4D56-B5D5-E4E8CBE614D1}.Release|Any CPU.Build.0 = Release|Any CPU
	EndGlobalSection
	GlobalSection(SolutionProperties) = preSolution
		HideSolutionNode = FALSE
	EndGlobalSection
	GlobalSection(ExtensibilityGlobals) = postSolution
		SolutionGuid = {EC25A8C8-CF39-4435-83B9-963B2D1D8ECA}
	EndGlobalSection
EndGlobal
