
Microsoft Visual Studio Solution File, Format Version 12.00
# Visual Studio Version 16
VisualStudioVersion = 16.0.31424.327
MinimumVisualStudioVersion = 10.0.40219.1
Project("{9A19103F-16F7-4668-BE54-9A1E7A4F7556}") = "13.07.2021_kosullu_ifadeler", "13.07.2021_kosullu_ifadeler\13.07.2021_kosullu_ifadeler.csproj", "{3B0126DC-AD16-4C37-AFB0-A865BE9EAB26}"
EndProject
Project("{9A19103F-16F7-4668-BE54-9A1E7A4F7556}") = "Sifre_Programı", "Sifre_Programı\Sifre_Programı.csproj", "{989274B5-FB1C-4E6B-B6E0-83F176345EC6}"
EndProject
Project("{FAE04EC0-301F-11D3-BF4B-00C04F79EFBC}") = "İs_adayı_secme", "İs_adayı_secme\İs_adayı_secme.csproj", "{10F4CC02-06E0-4043-A6F7-5A67CF33D684}"
EndProject
Global
	GlobalSection(SolutionConfigurationPlatforms) = preSolution
		Debug|Any CPU = Debug|Any CPU
		Release|Any CPU = Release|Any CPU
	EndGlobalSection
	GlobalSection(ProjectConfigurationPlatforms) = postSolution
		{3B0126DC-AD16-4C37-AFB0-A865BE9EAB26}.Debug|Any CPU.ActiveCfg = Debug|Any CPU
		{3B0126DC-AD16-4C37-AFB0-A865BE9EAB26}.Debug|Any CPU.Build.0 = Debug|Any CPU
		{3B0126DC-AD16-4C37-AFB0-A865BE9EAB26}.Release|Any CPU.ActiveCfg = Release|Any CPU
		{3B0126DC-AD16-4C37-AFB0-A865BE9EAB26}.Release|Any CPU.Build.0 = Release|Any CPU
		{989274B5-FB1C-4E6B-B6E0-83F176345EC6}.Debug|Any CPU.ActiveCfg = Debug|Any CPU
		{989274B5-FB1C-4E6B-B6E0-83F176345EC6}.Debug|Any CPU.Build.0 = Debug|Any CPU
		{989274B5-FB1C-4E6B-B6E0-83F176345EC6}.Release|Any CPU.ActiveCfg = Release|Any CPU
		{989274B5-FB1C-4E6B-B6E0-83F176345EC6}.Release|Any CPU.Build.0 = Release|Any CPU
		{10F4CC02-06E0-4043-A6F7-5A67CF33D684}.Debug|Any CPU.ActiveCfg = Debug|Any CPU
		{10F4CC02-06E0-4043-A6F7-5A67CF33D684}.Debug|Any CPU.Build.0 = Debug|Any CPU
		{10F4CC02-06E0-4043-A6F7-5A67CF33D684}.Release|Any CPU.ActiveCfg = Release|Any CPU
		{10F4CC02-06E0-4043-A6F7-5A67CF33D684}.Release|Any CPU.Build.0 = Release|Any CPU
	EndGlobalSection
	GlobalSection(SolutionProperties) = preSolution
		HideSolutionNode = FALSE
	EndGlobalSection
	GlobalSection(ExtensibilityGlobals) = postSolution
		SolutionGuid = {6274D5DB-2C64-4550-B245-B2B92B4468E2}
	EndGlobalSection
EndGlobal
